
Microsoft Visual Studio Solution File, Format Version 12.00
# Visual Studio 2013
VisualStudioVersion = 12.0.21005.1
MinimumVisualStudioVersion = 10.0.40219.1
Project("{FAE04EC0-301F-11D3-BF4B-00C04F79EFBC}") = "SampleApp (Phone)", "SampleApps\SampleApp (Phone)\SampleApp (Phone).csproj", "{581B0529-3197-4260-9E45-3EE71D4C0C4D}"
EndProject
Project("{FAE04EC0-301F-11D3-BF4B-00C04F79EFBC}") = "Lego.Ev3.Phone", "Lego.Ev3.Phone\Lego.Ev3.Phone.csproj", "{EFBC14AC-4D01-4B5F-B8CF-3917651426F3}"
EndProject
Project("{FAE04EC0-301F-11D3-BF4B-00C04F79EFBC}") = "SampleApp (WPF)", "SampleApps\SampleApp (WPF)\SampleApp (WPF).csproj", "{0B140421-4421-4673-972F-7FFB6268F0DC}"
EndProject
Project("{FAE04EC0-301F-11D3-BF4B-00C04F79EFBC}") = "Lego.Ev3.Desktop", "Lego.Ev3.Desktop\Lego.Ev3.Desktop.csproj", "{79C444DE-86F1-4AFF-903A-4B6ED31655EA}"
EndProject
Project("{FAE04EC0-301F-11D3-BF4B-00C04F79EFBC}") = "Lego.Ev3.WinRT", "Lego.Ev3.WinRT\Lego.Ev3.WinRT.csproj", "{C38C0A71-82D2-4979-B737-990026313F82}"
EndProject
Project("{FAE04EC0-301F-11D3-BF4B-00C04F79EFBC}") = "SampleApp (WinRT)", "SampleApps\SampleApp (WinRT)\SampleApp (WinRT).csproj", "{F5F96642-96B0-4FE3-B20E-6FA496F75D69}"
EndProject
Global
	GlobalSection(SolutionConfigurationPlatforms) = preSolution
		Debug|Any CPU = Debug|Any CPU
		Debug|ARM = Debug|ARM
		Debug|x64 = Debug|x64
		Debug|x86 = Debug|x86
		Release|Any CPU = Release|Any CPU
		Release|ARM = Release|ARM
		Release|x64 = Release|x64
		Release|x86 = Release|x86
	EndGlobalSection
	GlobalSection(ProjectConfigurationPlatforms) = postSolution
		{581B0529-3197-4260-9E45-3EE71D4C0C4D}.Debug|Any CPU.ActiveCfg = Debug|Any CPU
		{581B0529-3197-4260-9E45-3EE71D4C0C4D}.Debug|Any CPU.Build.0 = Debug|Any CPU
		{581B0529-3197-4260-9E45-3EE71D4C0C4D}.Debug|Any CPU.Deploy.0 = Debug|Any CPU
		{581B0529-3197-4260-9E45-3EE71D4C0C4D}.Debug|ARM.ActiveCfg = Debug|ARM
		{581B0529-3197-4260-9E45-3EE71D4C0C4D}.Debug|ARM.Build.0 = Debug|ARM
		{581B0529-3197-4260-9E45-3EE71D4C0C4D}.Debug|ARM.Deploy.0 = Debug|ARM
		{581B0529-3197-4260-9E45-3EE71D4C0C4D}.Debug|x64.ActiveCfg = Debug|Any CPU
		{581B0529-3197-4260-9E45-3EE71D4C0C4D}.Debug|x86.ActiveCfg = Debug|x86
		{581B0529-3197-4260-9E45-3EE71D4C0C4D}.Debug|x86.Build.0 = Debug|x86
		{581B0529-3197-4260-9E45-3EE71D4C0C4D}.Debug|x86.Deploy.0 = Debug|x86
		{581B0529-3197-4260-9E45-3EE71D4C0C4D}.Release|Any CPU.ActiveCfg = Release|Any CPU
		{581B0529-3197-4260-9E45-3EE71D4C0C4D}.Release|Any CPU.Build.0 = Release|Any CPU
		{581B0529-3197-4260-9E45-3EE71D4C0C4D}.Release|Any CPU.Deploy.0 = Release|Any CPU
		{581B0529-3197-4260-9E45-3EE71D4C0C4D}.Release|ARM.ActiveCfg = Release|ARM
		{581B0529-3197-4260-9E45-3EE71D4C0C4D}.Release|ARM.Build.0 = Release|ARM
		{581B0529-3197-4260-9E45-3EE71D4C0C4D}.Release|ARM.Deploy.0 = Release|ARM
		{581B0529-3197-4260-9E45-3EE71D4C0C4D}.Release|x64.ActiveCfg = Release|Any CPU
		{581B0529-3197-4260-9E45-3EE71D4C0C4D}.Release|x86.ActiveCfg = Release|x86
		{581B0529-3197-4260-9E45-3EE71D4C0C4D}.Release|x86.Build.0 = Release|x86
		{581B0529-3197-4260-9E45-3EE71D4C0C4D}.Release|x86.Deploy.0 = Release|x86
		{EFBC14AC-4D01-4B5F-B8CF-3917651426F3}.Debug|Any CPU.ActiveCfg = Debug|Any CPU
		{EFBC14AC-4D01-4B5F-B8CF-3917651426F3}.Debug|Any CPU.Build.0 = Debug|Any CPU
		{EFBC14AC-4D01-4B5F-B8CF-3917651426F3}.Debug|ARM.ActiveCfg = Debug|ARM
		{EFBC14AC-4D01-4B5F-B8CF-3917651426F3}.Debug|ARM.Build.0 = Debug|ARM
		{EFBC14AC-4D01-4B5F-B8CF-3917651426F3}.Debug|x64.ActiveCfg = Debug|Any CPU
		{EFBC14AC-4D01-4B5F-B8CF-3917651426F3}.Debug|x86.ActiveCfg = Debug|x86
		{EFBC14AC-4D01-4B5F-B8CF-3917651426F3}.Debug|x86.Build.0 = Debug|x86
		{EFBC14AC-4D01-4B5F-B8CF-3917651426F3}.Release|Any CPU.ActiveCfg = Release|Any CPU
		{EFBC14AC-4D01-4B5F-B8CF-3917651426F3}.Release|Any CPU.Build.0 = Release|Any CPU
		{EFBC14AC-4D01-4B5F-B8CF-3917651426F3}.Release|ARM.ActiveCfg = Release|ARM
		{EFBC14AC-4D01-4B5F-B8CF-3917651426F3}.Release|ARM.Build.0 = Release|ARM
		{EFBC14AC-4D01-4B5F-B8CF-3917651426F3}.Release|x64.ActiveCfg = Release|Any CPU
		{EFBC14AC-4D01-4B5F-B8CF-3917651426F3}.Release|x86.ActiveCfg = Release|x86
		{EFBC14AC-4D01-4B5F-B8CF-3917651426F3}.Release|x86.Build.0 = Release|x86
		{0B140421-4421-4673-972F-7FFB6268F0DC}.Debug|Any CPU.ActiveCfg = Debug|Any CPU
		{0B140421-4421-4673-972F-7FFB6268F0DC}.Debug|Any CPU.Build.0 = Debug|Any CPU
		{0B140421-4421-4673-972F-7FFB6268F0DC}.Debug|ARM.ActiveCfg = Debug|Any CPU
		{0B140421-4421-4673-972F-7FFB6268F0DC}.Debug|x64.ActiveCfg = Debug|Any CPU
		{0B140421-4421-4673-972F-7FFB6268F0DC}.Debug|x86.ActiveCfg = Debug|Any CPU
		{0B140421-4421-4673-972F-7FFB6268F0DC}.Release|Any CPU.ActiveCfg = Release|Any CPU
		{0B140421-4421-4673-972F-7FFB6268F0DC}.Release|Any CPU.Build.0 = Release|Any CPU
		{0B140421-4421-4673-972F-7FFB6268F0DC}.Release|ARM.ActiveCfg = Release|Any CPU
		{0B140421-4421-4673-972F-7FFB6268F0DC}.Release|x64.ActiveCfg = Release|Any CPU
		{0B140421-4421-4673-972F-7FFB6268F0DC}.Release|x86.ActiveCfg = Release|Any CPU
		{79C444DE-86F1-4AFF-903A-4B6ED31655EA}.Debug|Any CPU.ActiveCfg = Debug|Any CPU
		{79C444DE-86F1-4AFF-903A-4B6ED31655EA}.Debug|Any CPU.Build.0 = Debug|Any CPU
		{79C444DE-86F1-4AFF-903A-4B6ED31655EA}.Debug|ARM.ActiveCfg = Debug|Any CPU
		{79C444DE-86F1-4AFF-903A-4B6ED31655EA}.Debug|x64.ActiveCfg = Debug|Any CPU
		{79C444DE-86F1-4AFF-903A-4B6ED31655EA}.Debug|x86.ActiveCfg = Debug|Any CPU
		{79C444DE-86F1-4AFF-903A-4B6ED31655EA}.Release|Any CPU.ActiveCfg = Release|Any CPU
		{79C444DE-86F1-4AFF-903A-4B6ED31655EA}.Release|Any CPU.Build.0 = Release|Any CPU
		{79C444DE-86F1-4AFF-903A-4B6ED31655EA}.Release|ARM.ActiveCfg = Release|Any CPU
		{79C444DE-86F1-4AFF-903A-4B6ED31655EA}.Release|x64.ActiveCfg = Release|Any CPU
		{79C444DE-86F1-4AFF-903A-4B6ED31655EA}.Release|x86.ActiveCfg = Release|Any CPU
		{C38C0A71-82D2-4979-B737-990026313F82}.Debug|Any CPU.ActiveCfg = Debug|Any CPU
		{C38C0A71-82D2-4979-B737-990026313F82}.Debug|Any CPU.Build.0 = Debug|Any CPU
		{C38C0A71-82D2-4979-B737-990026313F82}.Debug|ARM.ActiveCfg = Debug|ARM
		{C38C0A71-82D2-4979-B737-990026313F82}.Debug|ARM.Build.0 = Debug|ARM
		{C38C0A71-82D2-4979-B737-990026313F82}.Debug|x64.ActiveCfg = Debug|x64
		{C38C0A71-82D2-4979-B737-990026313F82}.Debug|x64.Build.0 = Debug|x64
		{C38C0A71-82D2-4979-B737-990026313F82}.Debug|x86.ActiveCfg = Debug|x86
		{C38C0A71-82D2-4979-B737-990026313F82}.Debug|x86.Build.0 = Debug|x86
		{C38C0A71-82D2-4979-B737-990026313F82}.Release|Any CPU.ActiveCfg = Release|Any CPU
		{C38C0A71-82D2-4979-B737-990026313F82}.Release|Any CPU.Build.0 = Release|Any CPU
		{C38C0A71-82D2-4979-B737-990026313F82}.Release|ARM.ActiveCfg = Release|ARM
		{C38C0A71-82D2-4979-B737-990026313F82}.Release|ARM.Build.0 = Release|ARM
		{C38C0A71-82D2-4979-B737-990026313F82}.Release|x64.ActiveCfg = Release|x64
		{C38C0A71-82D2-4979-B737-990026313F82}.Release|x64.Build.0 = Release|x64
		{C38C0A71-82D2-4979-B737-990026313F82}.Release|x86.ActiveCfg = Release|x86
		{C38C0A71-82D2-4979-B737-990026313F82}.Release|x86.Build.0 = Release|x86
		{F5F96642-96B0-4FE3-B20E-6FA496F75D69}.Debug|Any CPU.ActiveCfg = Debug|Any CPU
		{F5F96642-96B0-4FE3-B20E-6FA496F75D69}.Debug|Any CPU.Build.0 = Debug|Any CPU
		{F5F96642-96B0-4FE3-B20E-6FA496F75D69}.Debug|Any CPU.Deploy.0 = Debug|Any CPU
		{F5F96642-96B0-4FE3-B20E-6FA496F75D69}.Debug|ARM.ActiveCfg = Debug|ARM
		{F5F96642-96B0-4FE3-B20E-6FA496F75D69}.Debug|ARM.Build.0 = Debug|ARM
		{F5F96642-96B0-4FE3-B20E-6FA496F75D69}.Debug|ARM.Deploy.0 = Debug|ARM
		{F5F96642-96B0-4FE3-B20E-6FA496F75D69}.Debug|x64.ActiveCfg = Debug|x64
		{F5F96642-96B0-4FE3-B20E-6FA496F75D69}.Debug|x64.Build.0 = Debug|x64
		{F5F96642-96B0-4FE3-B20E-6FA496F75D69}.Debug|x64.Deploy.0 = Debug|x64
		{F5F96642-96B0-4FE3-B20E-6FA496F75D69}.Debug|x86.ActiveCfg = Debug|x86
		{F5F96642-96B0-4FE3-B20E-6FA496F75D69}.Debug|x86.Build.0 = Debug|x86
		{F5F96642-96B0-4FE3-B20E-6FA496F75D69}.Debug|x86.Deploy.0 = Debug|x86
		{F5F96642-96B0-4FE3-B20E-6FA496F75D69}.Release|Any CPU.ActiveCfg = Release|Any CPU
		{F5F96642-96B0-4FE3-B20E-6FA496F75D69}.Release|Any CPU.Build.0 = Release|Any CPU
		{F5F96642-96B0-4FE3-B20E-6FA496F75D69}.Release|Any CPU.Deploy.0 = Release|Any CPU
		{F5F96642-96B0-4FE3-B20E-6FA496F75D69}.Release|ARM.ActiveCfg = Release|ARM
		{F5F96642-96B0-4FE3-B20E-6FA496F75D69}.Release|ARM.Build.0 = Release|ARM
		{F5F96642-96B0-4FE3-B20E-6FA496F75D69}.Release|ARM.Deploy.0 = Release|ARM
		{F5F96642-96B0-4FE3-B20E-6FA496F75D69}.Release|x64.ActiveCfg = Release|x64
		{F5F96642-96B0-4FE3-B20E-6FA496F75D69}.Release|x64.Build.0 = Release|x64
		{F5F96642-96B0-4FE3-B20E-6FA496F75D69}.Release|x64.Deploy.0 = Release|x64
		{F5F96642-96B0-4FE3-B20E-6FA496F75D69}.Release|x86.ActiveCfg = Release|x86
		{F5F96642-96B0-4FE3-B20E-6FA496F75D69}.Release|x86.Build.0 = Release|x86
		{F5F96642-96B0-4FE3-B20E-6FA496F75D69}.Release|x86.Deploy.0 = Release|x86
	EndGlobalSection
	GlobalSection(SolutionProperties) = preSolution
		HideSolutionNode = FALSE
	EndGlobalSection
EndGlobal
