
Microsoft Visual Studio Solution File, Format Version 12.00
# Visual Studio 14
VisualStudioVersion = 14.0.23107.0
MinimumVisualStudioVersion = 10.0.40219.1
Project("{FAE04EC0-301F-11D3-BF4B-00C04F79EFBC}") = "Lego.Ev3.Desktop", "Lego.Ev3.Desktop\Lego.Ev3.Desktop.csproj", "{79C444DE-86F1-4AFF-903A-4B6ED31655EA}"
EndProject
Project("{2150E333-8FDC-42A3-9474-1A3956D46DE8}") = "Testers", "Testers", "{5BBA1B77-840E-44B7-96A0-BBE9DED77AC4}"
EndProject
Project("{FAE04EC0-301F-11D3-BF4B-00C04F79EFBC}") = "Lego.Ev3.Tester.Wpf", "Testers\Lego.Ev3.Tester.Wpf\Lego.Ev3.Tester.Wpf.csproj", "{8E0D716B-9553-46AF-9DC0-40D28451D2C9}"
EndProject
Project("{FAE04EC0-301F-11D3-BF4B-00C04F79EFBC}") = "Lego.Ev3.WinRT", "Lego.Ev3.WinRT\Lego.Ev3.WinRT.csproj", "{C38C0A71-82D2-4979-B737-990026313F82}"
EndProject
Project("{FAE04EC0-301F-11D3-BF4B-00C04F79EFBC}") = "Lego.Ev3.Tester.WinRT", "Testers\Lego.Ev3.Tester.WinRT\Lego.Ev3.Tester.WinRT.csproj", "{D41EB518-130C-4066-8FFF-B2787ED3E9DC}"
EndProject
Project("{FAE04EC0-301F-11D3-BF4B-00C04F79EFBC}") = "Lego.Ev3.Phone", "Lego.Ev3.Phone\Lego.Ev3.Phone.csproj", "{EFBC14AC-4D01-4B5F-B8CF-3917651426F3}"
EndProject
Project("{FAE04EC0-301F-11D3-BF4B-00C04F79EFBC}") = "Lego.Ev3.Tester.Phone", "Testers\Lego.Ev3.Tester.Phone\Lego.Ev3.Tester.Phone.csproj", "{9595AE6F-D933-468C-953D-CA1B5894BF31}"
EndProject
Project("{FAE04EC0-301F-11D3-BF4B-00C04F79EFBC}") = "Lego.Ev3.Tester.Console", "Testers\Lego.Ev3.Tester.Console\Lego.Ev3.Tester.Console.csproj", "{BF89EB20-E0FE-4816-9680-15270E736252}"
EndProject
Project("{2150E333-8FDC-42A3-9474-1A3956D46DE8}") = "Docs", "Docs", "{5EAED1CB-2529-417A-AD87-BFB34BB879AB}"
EndProject
Project("{7CF6DF6D-3B04-46F8-A40B-537D21BCA0B4}") = "Desktop", "Docs\Desktop\Desktop.shfbproj", "{1B7E0C07-D9C0-4F5C-BAF3-58441B4BA195}"
EndProject
Project("{7CF6DF6D-3B04-46F8-A40B-537D21BCA0B4}") = "Phone", "Docs\Phone\Phone.shfbproj", "{7572AA7F-220D-4C76-9B93-8A7C9FD08A6B}"
EndProject
Project("{7CF6DF6D-3B04-46F8-A40B-537D21BCA0B4}") = "WinRT", "docs\WinRT\WinRT.shfbproj", "{B2F89F1B-353F-441A-813D-DFE0CF49F53D}"
EndProject
Project("{262852C6-CD72-467D-83FE-5EEB1973A190}") = "Lego.Ev3.Tester.WinRTJS", "Testers\Lego.Ev3.Tester.WinRTJS\Lego.Ev3.Tester.WinRTJS.jsproj", "{ED0245A9-D00A-4834-8169-ABDAD522A3F0}"
EndProject
Project("{8BC9CEB8-8B4A-11D0-8D11-00A0C91BC942}") = "Lego.Ev3.Tester.WinRTCPP", "Testers\Lego.Ev3.Tester.WinRTCPP\Lego.Ev3.Tester.WinRTCPP.vcxproj", "{F5449053-F1C2-4F33-A20C-8A1EBF97D922}"
EndProject
Project("{2150E333-8FDC-42A3-9474-1A3956D46DE8}") = "SampleApps", "SampleApps", "{2DFD69F4-A64B-4CC0-8930-707DA0463C49}"
EndProject
Project("{FAE04EC0-301F-11D3-BF4B-00C04F79EFBC}") = "SampleApp (Phone)", "SampleApps\SampleApp (Phone)\SampleApp (Phone).csproj", "{581B0529-3197-4260-9E45-3EE71D4C0C4D}"
EndProject
Project("{FAE04EC0-301F-11D3-BF4B-00C04F79EFBC}") = "SampleApp (WinRT)", "SampleApps\SampleApp (WinRT)\SampleApp (WinRT).csproj", "{F5F96642-96B0-4FE3-B20E-6FA496F75D69}"
EndProject
Project("{FAE04EC0-301F-11D3-BF4B-00C04F79EFBC}") = "SampleApp (WPF)", "SampleApps\SampleApp (WPF)\SampleApp (WPF).csproj", "{0B140421-4421-4673-972F-7FFB6268F0DC}"
EndProject
Project("{FAE04EC0-301F-11D3-BF4B-00C04F79EFBC}") = "Lego.Ev3.Tester.Phone81", "Testers\Lego.Ev3.Tester.Phone81\Lego.Ev3.Tester.Phone81.csproj", "{63924A3A-F5E3-4974-950B-1235BE9E0104}"
EndProject
Global
	GlobalSection(SolutionConfigurationPlatforms) = preSolution
		Debug|Any CPU = Debug|Any CPU
		Debug|ARM = Debug|ARM
		Debug|Mixed Platforms = Debug|Mixed Platforms
		Debug|Win32 = Debug|Win32
		Debug|x64 = Debug|x64
		Debug|x86 = Debug|x86
		Release|Any CPU = Release|Any CPU
		Release|ARM = Release|ARM
		Release|Mixed Platforms = Release|Mixed Platforms
		Release|Win32 = Release|Win32
		Release|x64 = Release|x64
		Release|x86 = Release|x86
	EndGlobalSection
	GlobalSection(ProjectConfigurationPlatforms) = postSolution
		{79C444DE-86F1-4AFF-903A-4B6ED31655EA}.Debug|Any CPU.ActiveCfg = Debug|Any CPU
		{79C444DE-86F1-4AFF-903A-4B6ED31655EA}.Debug|Any CPU.Build.0 = Debug|Any CPU
		{79C444DE-86F1-4AFF-903A-4B6ED31655EA}.Debug|ARM.ActiveCfg = Release|Any CPU
		{79C444DE-86F1-4AFF-903A-4B6ED31655EA}.Debug|ARM.Build.0 = Release|Any CPU
		{79C444DE-86F1-4AFF-903A-4B6ED31655EA}.Debug|Mixed Platforms.ActiveCfg = Release|Any CPU
		{79C444DE-86F1-4AFF-903A-4B6ED31655EA}.Debug|Mixed Platforms.Build.0 = Release|Any CPU
		{79C444DE-86F1-4AFF-903A-4B6ED31655EA}.Debug|Win32.ActiveCfg = Debug|Any CPU
		{79C444DE-86F1-4AFF-903A-4B6ED31655EA}.Debug|x64.ActiveCfg = Release|Any CPU
		{79C444DE-86F1-4AFF-903A-4B6ED31655EA}.Debug|x64.Build.0 = Release|Any CPU
		{79C444DE-86F1-4AFF-903A-4B6ED31655EA}.Debug|x86.ActiveCfg = Release|Any CPU
		{79C444DE-86F1-4AFF-903A-4B6ED31655EA}.Debug|x86.Build.0 = Release|Any CPU
		{79C444DE-86F1-4AFF-903A-4B6ED31655EA}.Release|Any CPU.ActiveCfg = Release|Any CPU
		{79C444DE-86F1-4AFF-903A-4B6ED31655EA}.Release|Any CPU.Build.0 = Release|Any CPU
		{79C444DE-86F1-4AFF-903A-4B6ED31655EA}.Release|ARM.ActiveCfg = Release|Any CPU
		{79C444DE-86F1-4AFF-903A-4B6ED31655EA}.Release|ARM.Build.0 = Release|Any CPU
		{79C444DE-86F1-4AFF-903A-4B6ED31655EA}.Release|Mixed Platforms.ActiveCfg = Release|Any CPU
		{79C444DE-86F1-4AFF-903A-4B6ED31655EA}.Release|Mixed Platforms.Build.0 = Release|Any CPU
		{79C444DE-86F1-4AFF-903A-4B6ED31655EA}.Release|Win32.ActiveCfg = Release|Any CPU
		{79C444DE-86F1-4AFF-903A-4B6ED31655EA}.Release|x64.ActiveCfg = Release|Any CPU
		{79C444DE-86F1-4AFF-903A-4B6ED31655EA}.Release|x64.Build.0 = Release|Any CPU
		{79C444DE-86F1-4AFF-903A-4B6ED31655EA}.Release|x86.ActiveCfg = Release|Any CPU
		{79C444DE-86F1-4AFF-903A-4B6ED31655EA}.Release|x86.Build.0 = Release|Any CPU
		{8E0D716B-9553-46AF-9DC0-40D28451D2C9}.Debug|Any CPU.ActiveCfg = Debug|Any CPU
		{8E0D716B-9553-46AF-9DC0-40D28451D2C9}.Debug|Any CPU.Build.0 = Debug|Any CPU
		{8E0D716B-9553-46AF-9DC0-40D28451D2C9}.Debug|ARM.ActiveCfg = Release|Any CPU
		{8E0D716B-9553-46AF-9DC0-40D28451D2C9}.Debug|ARM.Build.0 = Release|Any CPU
		{8E0D716B-9553-46AF-9DC0-40D28451D2C9}.Debug|Mixed Platforms.ActiveCfg = Release|Any CPU
		{8E0D716B-9553-46AF-9DC0-40D28451D2C9}.Debug|Mixed Platforms.Build.0 = Release|Any CPU
		{8E0D716B-9553-46AF-9DC0-40D28451D2C9}.Debug|Win32.ActiveCfg = Debug|Any CPU
		{8E0D716B-9553-46AF-9DC0-40D28451D2C9}.Debug|x64.ActiveCfg = Release|Any CPU
		{8E0D716B-9553-46AF-9DC0-40D28451D2C9}.Debug|x64.Build.0 = Release|Any CPU
		{8E0D716B-9553-46AF-9DC0-40D28451D2C9}.Debug|x86.ActiveCfg = Release|Any CPU
		{8E0D716B-9553-46AF-9DC0-40D28451D2C9}.Debug|x86.Build.0 = Release|Any CPU
		{8E0D716B-9553-46AF-9DC0-40D28451D2C9}.Release|Any CPU.ActiveCfg = Release|Any CPU
		{8E0D716B-9553-46AF-9DC0-40D28451D2C9}.Release|Any CPU.Build.0 = Release|Any CPU
		{8E0D716B-9553-46AF-9DC0-40D28451D2C9}.Release|ARM.ActiveCfg = Release|Any CPU
		{8E0D716B-9553-46AF-9DC0-40D28451D2C9}.Release|ARM.Build.0 = Release|Any CPU
		{8E0D716B-9553-46AF-9DC0-40D28451D2C9}.Release|Mixed Platforms.ActiveCfg = Release|Any CPU
		{8E0D716B-9553-46AF-9DC0-40D28451D2C9}.Release|Mixed Platforms.Build.0 = Release|Any CPU
		{8E0D716B-9553-46AF-9DC0-40D28451D2C9}.Release|Win32.ActiveCfg = Release|Any CPU
		{8E0D716B-9553-46AF-9DC0-40D28451D2C9}.Release|x64.ActiveCfg = Release|Any CPU
		{8E0D716B-9553-46AF-9DC0-40D28451D2C9}.Release|x64.Build.0 = Release|Any CPU
		{8E0D716B-9553-46AF-9DC0-40D28451D2C9}.Release|x86.ActiveCfg = Release|Any CPU
		{8E0D716B-9553-46AF-9DC0-40D28451D2C9}.Release|x86.Build.0 = Release|Any CPU
		{C38C0A71-82D2-4979-B737-990026313F82}.Debug|Any CPU.ActiveCfg = Debug|Any CPU
		{C38C0A71-82D2-4979-B737-990026313F82}.Debug|Any CPU.Build.0 = Debug|Any CPU
		{C38C0A71-82D2-4979-B737-990026313F82}.Debug|ARM.ActiveCfg = Release|Any CPU
		{C38C0A71-82D2-4979-B737-990026313F82}.Debug|ARM.Build.0 = Release|Any CPU
		{C38C0A71-82D2-4979-B737-990026313F82}.Debug|Mixed Platforms.ActiveCfg = Release|Any CPU
		{C38C0A71-82D2-4979-B737-990026313F82}.Debug|Mixed Platforms.Build.0 = Release|Any CPU
		{C38C0A71-82D2-4979-B737-990026313F82}.Debug|Win32.ActiveCfg = Debug|x86
		{C38C0A71-82D2-4979-B737-990026313F82}.Debug|Win32.Build.0 = Debug|x86
		{C38C0A71-82D2-4979-B737-990026313F82}.Debug|x64.ActiveCfg = Release|Any CPU
		{C38C0A71-82D2-4979-B737-990026313F82}.Debug|x64.Build.0 = Release|Any CPU
		{C38C0A71-82D2-4979-B737-990026313F82}.Debug|x86.ActiveCfg = Release|Any CPU
		{C38C0A71-82D2-4979-B737-990026313F82}.Debug|x86.Build.0 = Release|Any CPU
		{C38C0A71-82D2-4979-B737-990026313F82}.Release|Any CPU.ActiveCfg = Release|Any CPU
		{C38C0A71-82D2-4979-B737-990026313F82}.Release|Any CPU.Build.0 = Release|Any CPU
		{C38C0A71-82D2-4979-B737-990026313F82}.Release|ARM.ActiveCfg = Release|Any CPU
		{C38C0A71-82D2-4979-B737-990026313F82}.Release|ARM.Build.0 = Release|Any CPU
		{C38C0A71-82D2-4979-B737-990026313F82}.Release|Mixed Platforms.ActiveCfg = Release|Any CPU
		{C38C0A71-82D2-4979-B737-990026313F82}.Release|Mixed Platforms.Build.0 = Release|Any CPU
		{C38C0A71-82D2-4979-B737-990026313F82}.Release|Win32.ActiveCfg = Release|x86
		{C38C0A71-82D2-4979-B737-990026313F82}.Release|Win32.Build.0 = Release|x86
		{C38C0A71-82D2-4979-B737-990026313F82}.Release|x64.ActiveCfg = Release|Any CPU
		{C38C0A71-82D2-4979-B737-990026313F82}.Release|x64.Build.0 = Release|Any CPU
		{C38C0A71-82D2-4979-B737-990026313F82}.Release|x86.ActiveCfg = Release|Any CPU
		{C38C0A71-82D2-4979-B737-990026313F82}.Release|x86.Build.0 = Release|Any CPU
		{D41EB518-130C-4066-8FFF-B2787ED3E9DC}.Debug|Any CPU.ActiveCfg = Debug|Any CPU
		{D41EB518-130C-4066-8FFF-B2787ED3E9DC}.Debug|Any CPU.Build.0 = Debug|Any CPU
		{D41EB518-130C-4066-8FFF-B2787ED3E9DC}.Debug|Any CPU.Deploy.0 = Debug|Any CPU
		{D41EB518-130C-4066-8FFF-B2787ED3E9DC}.Debug|ARM.ActiveCfg = Release|Any CPU
		{D41EB518-130C-4066-8FFF-B2787ED3E9DC}.Debug|ARM.Build.0 = Release|Any CPU
		{D41EB518-130C-4066-8FFF-B2787ED3E9DC}.Debug|ARM.Deploy.0 = Release|Any CPU
		{D41EB518-130C-4066-8FFF-B2787ED3E9DC}.Debug|Mixed Platforms.ActiveCfg = Release|Any CPU
		{D41EB518-130C-4066-8FFF-B2787ED3E9DC}.Debug|Mixed Platforms.Build.0 = Release|Any CPU
		{D41EB518-130C-4066-8FFF-B2787ED3E9DC}.Debug|Mixed Platforms.Deploy.0 = Release|Any CPU
		{D41EB518-130C-4066-8FFF-B2787ED3E9DC}.Debug|Win32.ActiveCfg = Debug|x86
		{D41EB518-130C-4066-8FFF-B2787ED3E9DC}.Debug|Win32.Build.0 = Debug|x86
		{D41EB518-130C-4066-8FFF-B2787ED3E9DC}.Debug|Win32.Deploy.0 = Debug|x86
		{D41EB518-130C-4066-8FFF-B2787ED3E9DC}.Debug|x64.ActiveCfg = Release|Any CPU
		{D41EB518-130C-4066-8FFF-B2787ED3E9DC}.Debug|x64.Build.0 = Release|Any CPU
		{D41EB518-130C-4066-8FFF-B2787ED3E9DC}.Debug|x64.Deploy.0 = Release|Any CPU
		{D41EB518-130C-4066-8FFF-B2787ED3E9DC}.Debug|x86.ActiveCfg = Release|Any CPU
		{D41EB518-130C-4066-8FFF-B2787ED3E9DC}.Debug|x86.Build.0 = Release|Any CPU
		{D41EB518-130C-4066-8FFF-B2787ED3E9DC}.Debug|x86.Deploy.0 = Release|Any CPU
		{D41EB518-130C-4066-8FFF-B2787ED3E9DC}.Release|Any CPU.ActiveCfg = Release|Any CPU
		{D41EB518-130C-4066-8FFF-B2787ED3E9DC}.Release|Any CPU.Build.0 = Release|Any CPU
		{D41EB518-130C-4066-8FFF-B2787ED3E9DC}.Release|Any CPU.Deploy.0 = Release|Any CPU
		{D41EB518-130C-4066-8FFF-B2787ED3E9DC}.Release|ARM.ActiveCfg = Release|Any CPU
		{D41EB518-130C-4066-8FFF-B2787ED3E9DC}.Release|ARM.Build.0 = Release|Any CPU
		{D41EB518-130C-4066-8FFF-B2787ED3E9DC}.Release|ARM.Deploy.0 = Release|Any CPU
		{D41EB518-130C-4066-8FFF-B2787ED3E9DC}.Release|Mixed Platforms.ActiveCfg = Release|Any CPU
		{D41EB518-130C-4066-8FFF-B2787ED3E9DC}.Release|Mixed Platforms.Build.0 = Release|Any CPU
		{D41EB518-130C-4066-8FFF-B2787ED3E9DC}.Release|Mixed Platforms.Deploy.0 = Release|Any CPU
		{D41EB518-130C-4066-8FFF-B2787ED3E9DC}.Release|Win32.ActiveCfg = Release|x86
		{D41EB518-130C-4066-8FFF-B2787ED3E9DC}.Release|Win32.Build.0 = Release|x86
		{D41EB518-130C-4066-8FFF-B2787ED3E9DC}.Release|Win32.Deploy.0 = Release|x86
		{D41EB518-130C-4066-8FFF-B2787ED3E9DC}.Release|x64.ActiveCfg = Release|Any CPU
		{D41EB518-130C-4066-8FFF-B2787ED3E9DC}.Release|x64.Build.0 = Release|Any CPU
		{D41EB518-130C-4066-8FFF-B2787ED3E9DC}.Release|x64.Deploy.0 = Release|Any CPU
		{D41EB518-130C-4066-8FFF-B2787ED3E9DC}.Release|x86.ActiveCfg = Release|Any CPU
		{D41EB518-130C-4066-8FFF-B2787ED3E9DC}.Release|x86.Build.0 = Release|Any CPU
		{D41EB518-130C-4066-8FFF-B2787ED3E9DC}.Release|x86.Deploy.0 = Release|Any CPU
		{EFBC14AC-4D01-4B5F-B8CF-3917651426F3}.Debug|Any CPU.ActiveCfg = Debug|Any CPU
		{EFBC14AC-4D01-4B5F-B8CF-3917651426F3}.Debug|Any CPU.Build.0 = Debug|Any CPU
		{EFBC14AC-4D01-4B5F-B8CF-3917651426F3}.Debug|ARM.ActiveCfg = Release|Any CPU
		{EFBC14AC-4D01-4B5F-B8CF-3917651426F3}.Debug|ARM.Build.0 = Release|Any CPU
		{EFBC14AC-4D01-4B5F-B8CF-3917651426F3}.Debug|Mixed Platforms.ActiveCfg = Release|Any CPU
		{EFBC14AC-4D01-4B5F-B8CF-3917651426F3}.Debug|Mixed Platforms.Build.0 = Release|Any CPU
		{EFBC14AC-4D01-4B5F-B8CF-3917651426F3}.Debug|Win32.ActiveCfg = Debug|x86
		{EFBC14AC-4D01-4B5F-B8CF-3917651426F3}.Debug|Win32.Build.0 = Debug|x86
		{EFBC14AC-4D01-4B5F-B8CF-3917651426F3}.Debug|x64.ActiveCfg = Release|Any CPU
		{EFBC14AC-4D01-4B5F-B8CF-3917651426F3}.Debug|x64.Build.0 = Release|Any CPU
		{EFBC14AC-4D01-4B5F-B8CF-3917651426F3}.Debug|x86.ActiveCfg = Release|Any CPU
		{EFBC14AC-4D01-4B5F-B8CF-3917651426F3}.Debug|x86.Build.0 = Release|Any CPU
		{EFBC14AC-4D01-4B5F-B8CF-3917651426F3}.Release|Any CPU.ActiveCfg = Release|Any CPU
		{EFBC14AC-4D01-4B5F-B8CF-3917651426F3}.Release|Any CPU.Build.0 = Release|Any CPU
		{EFBC14AC-4D01-4B5F-B8CF-3917651426F3}.Release|ARM.ActiveCfg = Release|Any CPU
		{EFBC14AC-4D01-4B5F-B8CF-3917651426F3}.Release|ARM.Build.0 = Release|Any CPU
		{EFBC14AC-4D01-4B5F-B8CF-3917651426F3}.Release|Mixed Platforms.ActiveCfg = Release|Any CPU
		{EFBC14AC-4D01-4B5F-B8CF-3917651426F3}.Release|Mixed Platforms.Build.0 = Release|Any CPU
		{EFBC14AC-4D01-4B5F-B8CF-3917651426F3}.Release|Win32.ActiveCfg = Release|x86
		{EFBC14AC-4D01-4B5F-B8CF-3917651426F3}.Release|Win32.Build.0 = Release|x86
		{EFBC14AC-4D01-4B5F-B8CF-3917651426F3}.Release|x64.ActiveCfg = Release|Any CPU
		{EFBC14AC-4D01-4B5F-B8CF-3917651426F3}.Release|x64.Build.0 = Release|Any CPU
		{EFBC14AC-4D01-4B5F-B8CF-3917651426F3}.Release|x86.ActiveCfg = Release|Any CPU
		{EFBC14AC-4D01-4B5F-B8CF-3917651426F3}.Release|x86.Build.0 = Release|Any CPU
		{9595AE6F-D933-468C-953D-CA1B5894BF31}.Debug|Any CPU.ActiveCfg = Debug|Any CPU
		{9595AE6F-D933-468C-953D-CA1B5894BF31}.Debug|Any CPU.Build.0 = Debug|Any CPU
		{9595AE6F-D933-468C-953D-CA1B5894BF31}.Debug|ARM.ActiveCfg = Release|Any CPU
		{9595AE6F-D933-468C-953D-CA1B5894BF31}.Debug|ARM.Build.0 = Release|Any CPU
		{9595AE6F-D933-468C-953D-CA1B5894BF31}.Debug|ARM.Deploy.0 = Debug|ARM
		{9595AE6F-D933-468C-953D-CA1B5894BF31}.Debug|Mixed Platforms.ActiveCfg = Release|Any CPU
		{9595AE6F-D933-468C-953D-CA1B5894BF31}.Debug|Mixed Platforms.Build.0 = Release|Any CPU
		{9595AE6F-D933-468C-953D-CA1B5894BF31}.Debug|Mixed Platforms.Deploy.0 = Debug|x86
		{9595AE6F-D933-468C-953D-CA1B5894BF31}.Debug|Win32.ActiveCfg = Debug|x86
		{9595AE6F-D933-468C-953D-CA1B5894BF31}.Debug|Win32.Build.0 = Debug|x86
		{9595AE6F-D933-468C-953D-CA1B5894BF31}.Debug|Win32.Deploy.0 = Debug|x86
		{9595AE6F-D933-468C-953D-CA1B5894BF31}.Debug|x64.ActiveCfg = Release|Any CPU
		{9595AE6F-D933-468C-953D-CA1B5894BF31}.Debug|x64.Build.0 = Release|Any CPU
		{9595AE6F-D933-468C-953D-CA1B5894BF31}.Debug|x86.ActiveCfg = Release|Any CPU
		{9595AE6F-D933-468C-953D-CA1B5894BF31}.Debug|x86.Build.0 = Release|Any CPU
		{9595AE6F-D933-468C-953D-CA1B5894BF31}.Debug|x86.Deploy.0 = Debug|x86
		{9595AE6F-D933-468C-953D-CA1B5894BF31}.Release|Any CPU.ActiveCfg = Release|Any CPU
		{9595AE6F-D933-468C-953D-CA1B5894BF31}.Release|Any CPU.Build.0 = Release|Any CPU
		{9595AE6F-D933-468C-953D-CA1B5894BF31}.Release|Any CPU.Deploy.0 = Release|Any CPU
		{9595AE6F-D933-468C-953D-CA1B5894BF31}.Release|ARM.ActiveCfg = Release|Any CPU
		{9595AE6F-D933-468C-953D-CA1B5894BF31}.Release|ARM.Build.0 = Release|Any CPU
		{9595AE6F-D933-468C-953D-CA1B5894BF31}.Release|ARM.Deploy.0 = Release|ARM
		{9595AE6F-D933-468C-953D-CA1B5894BF31}.Release|Mixed Platforms.ActiveCfg = Release|Any CPU
		{9595AE6F-D933-468C-953D-CA1B5894BF31}.Release|Mixed Platforms.Build.0 = Release|Any CPU
		{9595AE6F-D933-468C-953D-CA1B5894BF31}.Release|Mixed Platforms.Deploy.0 = Release|x86
		{9595AE6F-D933-468C-953D-CA1B5894BF31}.Release|Win32.ActiveCfg = Release|x86
		{9595AE6F-D933-468C-953D-CA1B5894BF31}.Release|Win32.Build.0 = Release|x86
		{9595AE6F-D933-468C-953D-CA1B5894BF31}.Release|Win32.Deploy.0 = Release|x86
		{9595AE6F-D933-468C-953D-CA1B5894BF31}.Release|x64.ActiveCfg = Release|Any CPU
		{9595AE6F-D933-468C-953D-CA1B5894BF31}.Release|x64.Build.0 = Release|Any CPU
		{9595AE6F-D933-468C-953D-CA1B5894BF31}.Release|x86.ActiveCfg = Release|Any CPU
		{9595AE6F-D933-468C-953D-CA1B5894BF31}.Release|x86.Build.0 = Release|Any CPU
		{9595AE6F-D933-468C-953D-CA1B5894BF31}.Release|x86.Deploy.0 = Release|x86
		{BF89EB20-E0FE-4816-9680-15270E736252}.Debug|Any CPU.ActiveCfg = Debug|Any CPU
		{BF89EB20-E0FE-4816-9680-15270E736252}.Debug|Any CPU.Build.0 = Debug|Any CPU
		{BF89EB20-E0FE-4816-9680-15270E736252}.Debug|ARM.ActiveCfg = Release|Any CPU
		{BF89EB20-E0FE-4816-9680-15270E736252}.Debug|ARM.Build.0 = Release|Any CPU
		{BF89EB20-E0FE-4816-9680-15270E736252}.Debug|Mixed Platforms.ActiveCfg = Release|Any CPU
		{BF89EB20-E0FE-4816-9680-15270E736252}.Debug|Mixed Platforms.Build.0 = Release|Any CPU
		{BF89EB20-E0FE-4816-9680-15270E736252}.Debug|Win32.ActiveCfg = Debug|Any CPU
		{BF89EB20-E0FE-4816-9680-15270E736252}.Debug|x64.ActiveCfg = Release|Any CPU
		{BF89EB20-E0FE-4816-9680-15270E736252}.Debug|x64.Build.0 = Release|Any CPU
		{BF89EB20-E0FE-4816-9680-15270E736252}.Debug|x86.ActiveCfg = Release|Any CPU
		{BF89EB20-E0FE-4816-9680-15270E736252}.Debug|x86.Build.0 = Release|Any CPU
		{BF89EB20-E0FE-4816-9680-15270E736252}.Release|Any CPU.ActiveCfg = Release|Any CPU
		{BF89EB20-E0FE-4816-9680-15270E736252}.Release|Any CPU.Build.0 = Release|Any CPU
		{BF89EB20-E0FE-4816-9680-15270E736252}.Release|ARM.ActiveCfg = Release|Any CPU
		{BF89EB20-E0FE-4816-9680-15270E736252}.Release|ARM.Build.0 = Release|Any CPU
		{BF89EB20-E0FE-4816-9680-15270E736252}.Release|Mixed Platforms.ActiveCfg = Release|Any CPU
		{BF89EB20-E0FE-4816-9680-15270E736252}.Release|Mixed Platforms.Build.0 = Release|Any CPU
		{BF89EB20-E0FE-4816-9680-15270E736252}.Release|Win32.ActiveCfg = Release|Any CPU
		{BF89EB20-E0FE-4816-9680-15270E736252}.Release|x64.ActiveCfg = Release|Any CPU
		{BF89EB20-E0FE-4816-9680-15270E736252}.Release|x64.Build.0 = Release|Any CPU
		{BF89EB20-E0FE-4816-9680-15270E736252}.Release|x86.ActiveCfg = Release|Any CPU
		{BF89EB20-E0FE-4816-9680-15270E736252}.Release|x86.Build.0 = Release|Any CPU
		{1B7E0C07-D9C0-4F5C-BAF3-58441B4BA195}.Debug|Any CPU.ActiveCfg = Debug|Any CPU
		{1B7E0C07-D9C0-4F5C-BAF3-58441B4BA195}.Debug|ARM.ActiveCfg = Release|Any CPU
		{1B7E0C07-D9C0-4F5C-BAF3-58441B4BA195}.Debug|Mixed Platforms.ActiveCfg = Release|Any CPU
		{1B7E0C07-D9C0-4F5C-BAF3-58441B4BA195}.Debug|Win32.ActiveCfg = Debug|Any CPU
		{1B7E0C07-D9C0-4F5C-BAF3-58441B4BA195}.Debug|x64.ActiveCfg = Release|Any CPU
		{1B7E0C07-D9C0-4F5C-BAF3-58441B4BA195}.Debug|x86.ActiveCfg = Release|Any CPU
		{1B7E0C07-D9C0-4F5C-BAF3-58441B4BA195}.Release|Any CPU.ActiveCfg = Release|Any CPU
		{1B7E0C07-D9C0-4F5C-BAF3-58441B4BA195}.Release|ARM.ActiveCfg = Release|Any CPU
		{1B7E0C07-D9C0-4F5C-BAF3-58441B4BA195}.Release|Mixed Platforms.ActiveCfg = Release|Any CPU
		{1B7E0C07-D9C0-4F5C-BAF3-58441B4BA195}.Release|Win32.ActiveCfg = Release|Any CPU
		{1B7E0C07-D9C0-4F5C-BAF3-58441B4BA195}.Release|x64.ActiveCfg = Release|Any CPU
		{1B7E0C07-D9C0-4F5C-BAF3-58441B4BA195}.Release|x86.ActiveCfg = Release|Any CPU
		{7572AA7F-220D-4C76-9B93-8A7C9FD08A6B}.Debug|Any CPU.ActiveCfg = Debug|Any CPU
		{7572AA7F-220D-4C76-9B93-8A7C9FD08A6B}.Debug|ARM.ActiveCfg = Release|Any CPU
		{7572AA7F-220D-4C76-9B93-8A7C9FD08A6B}.Debug|Mixed Platforms.ActiveCfg = Release|Any CPU
		{7572AA7F-220D-4C76-9B93-8A7C9FD08A6B}.Debug|Win32.ActiveCfg = Debug|Any CPU
		{7572AA7F-220D-4C76-9B93-8A7C9FD08A6B}.Debug|x64.ActiveCfg = Release|Any CPU
		{7572AA7F-220D-4C76-9B93-8A7C9FD08A6B}.Debug|x86.ActiveCfg = Release|Any CPU
		{7572AA7F-220D-4C76-9B93-8A7C9FD08A6B}.Release|Any CPU.ActiveCfg = Release|Any CPU
		{7572AA7F-220D-4C76-9B93-8A7C9FD08A6B}.Release|ARM.ActiveCfg = Release|Any CPU
		{7572AA7F-220D-4C76-9B93-8A7C9FD08A6B}.Release|Mixed Platforms.ActiveCfg = Release|Any CPU
		{7572AA7F-220D-4C76-9B93-8A7C9FD08A6B}.Release|Win32.ActiveCfg = Release|Any CPU
		{7572AA7F-220D-4C76-9B93-8A7C9FD08A6B}.Release|x64.ActiveCfg = Release|Any CPU
		{7572AA7F-220D-4C76-9B93-8A7C9FD08A6B}.Release|x86.ActiveCfg = Release|Any CPU
		{B2F89F1B-353F-441A-813D-DFE0CF49F53D}.Debug|Any CPU.ActiveCfg = Debug|Any CPU
		{B2F89F1B-353F-441A-813D-DFE0CF49F53D}.Debug|ARM.ActiveCfg = Release|Any CPU
		{B2F89F1B-353F-441A-813D-DFE0CF49F53D}.Debug|Mixed Platforms.ActiveCfg = Release|Any CPU
		{B2F89F1B-353F-441A-813D-DFE0CF49F53D}.Debug|Win32.ActiveCfg = Debug|Any CPU
		{B2F89F1B-353F-441A-813D-DFE0CF49F53D}.Debug|x64.ActiveCfg = Release|Any CPU
		{B2F89F1B-353F-441A-813D-DFE0CF49F53D}.Debug|x86.ActiveCfg = Release|Any CPU
		{B2F89F1B-353F-441A-813D-DFE0CF49F53D}.Release|Any CPU.ActiveCfg = Release|Any CPU
		{B2F89F1B-353F-441A-813D-DFE0CF49F53D}.Release|ARM.ActiveCfg = Release|Any CPU
		{B2F89F1B-353F-441A-813D-DFE0CF49F53D}.Release|Mixed Platforms.ActiveCfg = Release|Any CPU
		{B2F89F1B-353F-441A-813D-DFE0CF49F53D}.Release|Win32.ActiveCfg = Release|Any CPU
		{B2F89F1B-353F-441A-813D-DFE0CF49F53D}.Release|x64.ActiveCfg = Release|Any CPU
		{B2F89F1B-353F-441A-813D-DFE0CF49F53D}.Release|x86.ActiveCfg = Release|Any CPU
		{ED0245A9-D00A-4834-8169-ABDAD522A3F0}.Debug|Any CPU.ActiveCfg = Debug|Any CPU
		{ED0245A9-D00A-4834-8169-ABDAD522A3F0}.Debug|Any CPU.Build.0 = Debug|Any CPU
		{ED0245A9-D00A-4834-8169-ABDAD522A3F0}.Debug|Any CPU.Deploy.0 = Debug|Any CPU
		{ED0245A9-D00A-4834-8169-ABDAD522A3F0}.Debug|ARM.ActiveCfg = Release|Any CPU
		{ED0245A9-D00A-4834-8169-ABDAD522A3F0}.Debug|ARM.Build.0 = Release|Any CPU
		{ED0245A9-D00A-4834-8169-ABDAD522A3F0}.Debug|ARM.Deploy.0 = Release|Any CPU
		{ED0245A9-D00A-4834-8169-ABDAD522A3F0}.Debug|Mixed Platforms.ActiveCfg = Release|Any CPU
		{ED0245A9-D00A-4834-8169-ABDAD522A3F0}.Debug|Mixed Platforms.Build.0 = Release|Any CPU
		{ED0245A9-D00A-4834-8169-ABDAD522A3F0}.Debug|Mixed Platforms.Deploy.0 = Release|Any CPU
		{ED0245A9-D00A-4834-8169-ABDAD522A3F0}.Debug|Win32.ActiveCfg = Debug|x86
		{ED0245A9-D00A-4834-8169-ABDAD522A3F0}.Debug|Win32.Build.0 = Debug|x86
		{ED0245A9-D00A-4834-8169-ABDAD522A3F0}.Debug|Win32.Deploy.0 = Debug|x86
		{ED0245A9-D00A-4834-8169-ABDAD522A3F0}.Debug|x64.ActiveCfg = Release|Any CPU
		{ED0245A9-D00A-4834-8169-ABDAD522A3F0}.Debug|x64.Build.0 = Release|Any CPU
		{ED0245A9-D00A-4834-8169-ABDAD522A3F0}.Debug|x64.Deploy.0 = Release|Any CPU
		{ED0245A9-D00A-4834-8169-ABDAD522A3F0}.Debug|x86.ActiveCfg = Release|Any CPU
		{ED0245A9-D00A-4834-8169-ABDAD522A3F0}.Debug|x86.Build.0 = Release|Any CPU
		{ED0245A9-D00A-4834-8169-ABDAD522A3F0}.Debug|x86.Deploy.0 = Release|Any CPU
		{ED0245A9-D00A-4834-8169-ABDAD522A3F0}.Release|Any CPU.ActiveCfg = Release|Any CPU
		{ED0245A9-D00A-4834-8169-ABDAD522A3F0}.Release|Any CPU.Build.0 = Release|Any CPU
		{ED0245A9-D00A-4834-8169-ABDAD522A3F0}.Release|Any CPU.Deploy.0 = Release|Any CPU
		{ED0245A9-D00A-4834-8169-ABDAD522A3F0}.Release|ARM.ActiveCfg = Release|Any CPU
		{ED0245A9-D00A-4834-8169-ABDAD522A3F0}.Release|ARM.Build.0 = Release|Any CPU
		{ED0245A9-D00A-4834-8169-ABDAD522A3F0}.Release|ARM.Deploy.0 = Release|Any CPU
		{ED0245A9-D00A-4834-8169-ABDAD522A3F0}.Release|Mixed Platforms.ActiveCfg = Release|Any CPU
		{ED0245A9-D00A-4834-8169-ABDAD522A3F0}.Release|Mixed Platforms.Build.0 = Release|Any CPU
		{ED0245A9-D00A-4834-8169-ABDAD522A3F0}.Release|Mixed Platforms.Deploy.0 = Release|Any CPU
		{ED0245A9-D00A-4834-8169-ABDAD522A3F0}.Release|Win32.ActiveCfg = Release|x86
		{ED0245A9-D00A-4834-8169-ABDAD522A3F0}.Release|Win32.Build.0 = Release|x86
		{ED0245A9-D00A-4834-8169-ABDAD522A3F0}.Release|Win32.Deploy.0 = Release|x86
		{ED0245A9-D00A-4834-8169-ABDAD522A3F0}.Release|x64.ActiveCfg = Release|Any CPU
		{ED0245A9-D00A-4834-8169-ABDAD522A3F0}.Release|x64.Build.0 = Release|Any CPU
		{ED0245A9-D00A-4834-8169-ABDAD522A3F0}.Release|x64.Deploy.0 = Release|Any CPU
		{ED0245A9-D00A-4834-8169-ABDAD522A3F0}.Release|x86.ActiveCfg = Release|Any CPU
		{ED0245A9-D00A-4834-8169-ABDAD522A3F0}.Release|x86.Build.0 = Release|Any CPU
		{ED0245A9-D00A-4834-8169-ABDAD522A3F0}.Release|x86.Deploy.0 = Release|Any CPU
		{F5449053-F1C2-4F33-A20C-8A1EBF97D922}.Debug|Any CPU.ActiveCfg = Debug|Win32
		{F5449053-F1C2-4F33-A20C-8A1EBF97D922}.Debug|Any CPU.Build.0 = Debug|Win32
		{F5449053-F1C2-4F33-A20C-8A1EBF97D922}.Debug|Any CPU.Deploy.0 = Debug|Win32
		{F5449053-F1C2-4F33-A20C-8A1EBF97D922}.Debug|ARM.ActiveCfg = Debug|ARM
		{F5449053-F1C2-4F33-A20C-8A1EBF97D922}.Debug|ARM.Build.0 = Debug|ARM
		{F5449053-F1C2-4F33-A20C-8A1EBF97D922}.Debug|ARM.Deploy.0 = Debug|ARM
		{F5449053-F1C2-4F33-A20C-8A1EBF97D922}.Debug|Mixed Platforms.ActiveCfg = Debug|Win32
		{F5449053-F1C2-4F33-A20C-8A1EBF97D922}.Debug|Mixed Platforms.Build.0 = Debug|Win32
		{F5449053-F1C2-4F33-A20C-8A1EBF97D922}.Debug|Mixed Platforms.Deploy.0 = Debug|Win32
		{F5449053-F1C2-4F33-A20C-8A1EBF97D922}.Debug|Win32.ActiveCfg = Debug|Win32
		{F5449053-F1C2-4F33-A20C-8A1EBF97D922}.Debug|Win32.Build.0 = Debug|Win32
		{F5449053-F1C2-4F33-A20C-8A1EBF97D922}.Debug|Win32.Deploy.0 = Debug|Win32
		{F5449053-F1C2-4F33-A20C-8A1EBF97D922}.Debug|x64.ActiveCfg = Debug|x64
		{F5449053-F1C2-4F33-A20C-8A1EBF97D922}.Debug|x64.Build.0 = Debug|x64
		{F5449053-F1C2-4F33-A20C-8A1EBF97D922}.Debug|x64.Deploy.0 = Debug|x64
		{F5449053-F1C2-4F33-A20C-8A1EBF97D922}.Debug|x86.ActiveCfg = Debug|Win32
		{F5449053-F1C2-4F33-A20C-8A1EBF97D922}.Debug|x86.Build.0 = Debug|Win32
		{F5449053-F1C2-4F33-A20C-8A1EBF97D922}.Debug|x86.Deploy.0 = Debug|Win32
		{F5449053-F1C2-4F33-A20C-8A1EBF97D922}.Release|Any CPU.ActiveCfg = Release|Win32
		{F5449053-F1C2-4F33-A20C-8A1EBF97D922}.Release|Any CPU.Build.0 = Release|Win32
		{F5449053-F1C2-4F33-A20C-8A1EBF97D922}.Release|Any CPU.Deploy.0 = Release|Win32
		{F5449053-F1C2-4F33-A20C-8A1EBF97D922}.Release|ARM.ActiveCfg = Release|ARM
		{F5449053-F1C2-4F33-A20C-8A1EBF97D922}.Release|ARM.Build.0 = Release|ARM
		{F5449053-F1C2-4F33-A20C-8A1EBF97D922}.Release|ARM.Deploy.0 = Release|ARM
		{F5449053-F1C2-4F33-A20C-8A1EBF97D922}.Release|Mixed Platforms.ActiveCfg = Release|Win32
		{F5449053-F1C2-4F33-A20C-8A1EBF97D922}.Release|Mixed Platforms.Build.0 = Release|Win32
		{F5449053-F1C2-4F33-A20C-8A1EBF97D922}.Release|Mixed Platforms.Deploy.0 = Release|Win32
		{F5449053-F1C2-4F33-A20C-8A1EBF97D922}.Release|Win32.ActiveCfg = Release|Win32
		{F5449053-F1C2-4F33-A20C-8A1EBF97D922}.Release|Win32.Build.0 = Release|Win32
		{F5449053-F1C2-4F33-A20C-8A1EBF97D922}.Release|Win32.Deploy.0 = Release|Win32
		{F5449053-F1C2-4F33-A20C-8A1EBF97D922}.Release|x64.ActiveCfg = Release|x64
		{F5449053-F1C2-4F33-A20C-8A1EBF97D922}.Release|x64.Build.0 = Release|x64
		{F5449053-F1C2-4F33-A20C-8A1EBF97D922}.Release|x64.Deploy.0 = Release|x64
		{F5449053-F1C2-4F33-A20C-8A1EBF97D922}.Release|x86.ActiveCfg = Release|Win32
		{F5449053-F1C2-4F33-A20C-8A1EBF97D922}.Release|x86.Build.0 = Release|Win32
		{F5449053-F1C2-4F33-A20C-8A1EBF97D922}.Release|x86.Deploy.0 = Release|Win32
		{581B0529-3197-4260-9E45-3EE71D4C0C4D}.Debug|Any CPU.ActiveCfg = Debug|Any CPU
		{581B0529-3197-4260-9E45-3EE71D4C0C4D}.Debug|Any CPU.Build.0 = Debug|Any CPU
		{581B0529-3197-4260-9E45-3EE71D4C0C4D}.Debug|ARM.ActiveCfg = Debug|ARM
		{581B0529-3197-4260-9E45-3EE71D4C0C4D}.Debug|ARM.Build.0 = Debug|ARM
		{581B0529-3197-4260-9E45-3EE71D4C0C4D}.Debug|ARM.Deploy.0 = Debug|ARM
		{581B0529-3197-4260-9E45-3EE71D4C0C4D}.Debug|Mixed Platforms.ActiveCfg = Debug|x86
		{581B0529-3197-4260-9E45-3EE71D4C0C4D}.Debug|Mixed Platforms.Build.0 = Debug|x86
		{581B0529-3197-4260-9E45-3EE71D4C0C4D}.Debug|Mixed Platforms.Deploy.0 = Debug|x86
		{581B0529-3197-4260-9E45-3EE71D4C0C4D}.Debug|Win32.ActiveCfg = Debug|x86
		{581B0529-3197-4260-9E45-3EE71D4C0C4D}.Debug|Win32.Build.0 = Debug|x86
		{581B0529-3197-4260-9E45-3EE71D4C0C4D}.Debug|Win32.Deploy.0 = Debug|x86
		{581B0529-3197-4260-9E45-3EE71D4C0C4D}.Debug|x64.ActiveCfg = Debug|Any CPU
		{581B0529-3197-4260-9E45-3EE71D4C0C4D}.Debug|x86.ActiveCfg = Debug|x86
		{581B0529-3197-4260-9E45-3EE71D4C0C4D}.Debug|x86.Build.0 = Debug|x86
		{581B0529-3197-4260-9E45-3EE71D4C0C4D}.Debug|x86.Deploy.0 = Debug|x86
		{581B0529-3197-4260-9E45-3EE71D4C0C4D}.Release|Any CPU.ActiveCfg = Release|Any CPU
		{581B0529-3197-4260-9E45-3EE71D4C0C4D}.Release|Any CPU.Build.0 = Release|Any CPU
		{581B0529-3197-4260-9E45-3EE71D4C0C4D}.Release|ARM.ActiveCfg = Release|ARM
		{581B0529-3197-4260-9E45-3EE71D4C0C4D}.Release|ARM.Build.0 = Release|ARM
		{581B0529-3197-4260-9E45-3EE71D4C0C4D}.Release|ARM.Deploy.0 = Release|ARM
		{581B0529-3197-4260-9E45-3EE71D4C0C4D}.Release|Mixed Platforms.ActiveCfg = Release|x86
		{581B0529-3197-4260-9E45-3EE71D4C0C4D}.Release|Mixed Platforms.Build.0 = Release|x86
		{581B0529-3197-4260-9E45-3EE71D4C0C4D}.Release|Mixed Platforms.Deploy.0 = Release|x86
		{581B0529-3197-4260-9E45-3EE71D4C0C4D}.Release|Win32.ActiveCfg = Release|x86
		{581B0529-3197-4260-9E45-3EE71D4C0C4D}.Release|Win32.Build.0 = Release|x86
		{581B0529-3197-4260-9E45-3EE71D4C0C4D}.Release|Win32.Deploy.0 = Release|x86
		{581B0529-3197-4260-9E45-3EE71D4C0C4D}.Release|x64.ActiveCfg = Release|Any CPU
		{581B0529-3197-4260-9E45-3EE71D4C0C4D}.Release|x86.ActiveCfg = Release|x86
		{581B0529-3197-4260-9E45-3EE71D4C0C4D}.Release|x86.Build.0 = Release|x86
		{581B0529-3197-4260-9E45-3EE71D4C0C4D}.Release|x86.Deploy.0 = Release|x86
		{F5F96642-96B0-4FE3-B20E-6FA496F75D69}.Debug|Any CPU.ActiveCfg = Debug|Any CPU
		{F5F96642-96B0-4FE3-B20E-6FA496F75D69}.Debug|Any CPU.Build.0 = Debug|Any CPU
		{F5F96642-96B0-4FE3-B20E-6FA496F75D69}.Debug|Any CPU.Deploy.0 = Debug|Any CPU
		{F5F96642-96B0-4FE3-B20E-6FA496F75D69}.Debug|ARM.ActiveCfg = Debug|ARM
		{F5F96642-96B0-4FE3-B20E-6FA496F75D69}.Debug|ARM.Build.0 = Debug|ARM
		{F5F96642-96B0-4FE3-B20E-6FA496F75D69}.Debug|ARM.Deploy.0 = Debug|ARM
		{F5F96642-96B0-4FE3-B20E-6FA496F75D69}.Debug|Mixed Platforms.ActiveCfg = Debug|x86
		{F5F96642-96B0-4FE3-B20E-6FA496F75D69}.Debug|Mixed Platforms.Build.0 = Debug|x86
		{F5F96642-96B0-4FE3-B20E-6FA496F75D69}.Debug|Mixed Platforms.Deploy.0 = Debug|x86
		{F5F96642-96B0-4FE3-B20E-6FA496F75D69}.Debug|Win32.ActiveCfg = Debug|x86
		{F5F96642-96B0-4FE3-B20E-6FA496F75D69}.Debug|Win32.Build.0 = Debug|x86
		{F5F96642-96B0-4FE3-B20E-6FA496F75D69}.Debug|Win32.Deploy.0 = Debug|x86
		{F5F96642-96B0-4FE3-B20E-6FA496F75D69}.Debug|x64.ActiveCfg = Debug|x64
		{F5F96642-96B0-4FE3-B20E-6FA496F75D69}.Debug|x64.Build.0 = Debug|x64
		{F5F96642-96B0-4FE3-B20E-6FA496F75D69}.Debug|x64.Deploy.0 = Debug|x64
		{F5F96642-96B0-4FE3-B20E-6FA496F75D69}.Debug|x86.ActiveCfg = Debug|x86
		{F5F96642-96B0-4FE3-B20E-6FA496F75D69}.Debug|x86.Build.0 = Debug|x86
		{F5F96642-96B0-4FE3-B20E-6FA496F75D69}.Debug|x86.Deploy.0 = Debug|x86
		{F5F96642-96B0-4FE3-B20E-6FA496F75D69}.Release|Any CPU.ActiveCfg = Release|Any CPU
		{F5F96642-96B0-4FE3-B20E-6FA496F75D69}.Release|Any CPU.Build.0 = Release|Any CPU
		{F5F96642-96B0-4FE3-B20E-6FA496F75D69}.Release|Any CPU.Deploy.0 = Release|Any CPU
		{F5F96642-96B0-4FE3-B20E-6FA496F75D69}.Release|ARM.ActiveCfg = Release|ARM
		{F5F96642-96B0-4FE3-B20E-6FA496F75D69}.Release|ARM.Build.0 = Release|ARM
		{F5F96642-96B0-4FE3-B20E-6FA496F75D69}.Release|ARM.Deploy.0 = Release|ARM
		{F5F96642-96B0-4FE3-B20E-6FA496F75D69}.Release|Mixed Platforms.ActiveCfg = Release|x86
		{F5F96642-96B0-4FE3-B20E-6FA496F75D69}.Release|Mixed Platforms.Build.0 = Release|x86
		{F5F96642-96B0-4FE3-B20E-6FA496F75D69}.Release|Mixed Platforms.Deploy.0 = Release|x86
		{F5F96642-96B0-4FE3-B20E-6FA496F75D69}.Release|Win32.ActiveCfg = Release|x86
		{F5F96642-96B0-4FE3-B20E-6FA496F75D69}.Release|Win32.Build.0 = Release|x86
		{F5F96642-96B0-4FE3-B20E-6FA496F75D69}.Release|Win32.Deploy.0 = Release|x86
		{F5F96642-96B0-4FE3-B20E-6FA496F75D69}.Release|x64.ActiveCfg = Release|x64
		{F5F96642-96B0-4FE3-B20E-6FA496F75D69}.Release|x64.Build.0 = Release|x64
		{F5F96642-96B0-4FE3-B20E-6FA496F75D69}.Release|x64.Deploy.0 = Release|x64
		{F5F96642-96B0-4FE3-B20E-6FA496F75D69}.Release|x86.ActiveCfg = Release|x86
		{F5F96642-96B0-4FE3-B20E-6FA496F75D69}.Release|x86.Build.0 = Release|x86
		{F5F96642-96B0-4FE3-B20E-6FA496F75D69}.Release|x86.Deploy.0 = Release|x86
		{0B140421-4421-4673-972F-7FFB6268F0DC}.Debug|Any CPU.ActiveCfg = Debug|Any CPU
		{0B140421-4421-4673-972F-7FFB6268F0DC}.Debug|Any CPU.Build.0 = Debug|Any CPU
		{0B140421-4421-4673-972F-7FFB6268F0DC}.Debug|ARM.ActiveCfg = Debug|Any CPU
		{0B140421-4421-4673-972F-7FFB6268F0DC}.Debug|Mixed Platforms.ActiveCfg = Debug|Any CPU
		{0B140421-4421-4673-972F-7FFB6268F0DC}.Debug|Mixed Platforms.Build.0 = Debug|Any CPU
		{0B140421-4421-4673-972F-7FFB6268F0DC}.Debug|Win32.ActiveCfg = Debug|Any CPU
		{0B140421-4421-4673-972F-7FFB6268F0DC}.Debug|x64.ActiveCfg = Debug|Any CPU
		{0B140421-4421-4673-972F-7FFB6268F0DC}.Debug|x86.ActiveCfg = Debug|Any CPU
		{0B140421-4421-4673-972F-7FFB6268F0DC}.Release|Any CPU.ActiveCfg = Release|Any CPU
		{0B140421-4421-4673-972F-7FFB6268F0DC}.Release|Any CPU.Build.0 = Release|Any CPU
		{0B140421-4421-4673-972F-7FFB6268F0DC}.Release|ARM.ActiveCfg = Release|Any CPU
		{0B140421-4421-4673-972F-7FFB6268F0DC}.Release|Mixed Platforms.ActiveCfg = Release|Any CPU
		{0B140421-4421-4673-972F-7FFB6268F0DC}.Release|Mixed Platforms.Build.0 = Release|Any CPU
		{0B140421-4421-4673-972F-7FFB6268F0DC}.Release|Win32.ActiveCfg = Release|Any CPU
		{0B140421-4421-4673-972F-7FFB6268F0DC}.Release|x64.ActiveCfg = Release|Any CPU
		{0B140421-4421-4673-972F-7FFB6268F0DC}.Release|x86.ActiveCfg = Release|Any CPU
		{63924A3A-F5E3-4974-950B-1235BE9E0104}.Debug|Any CPU.ActiveCfg = Debug|Any CPU
		{63924A3A-F5E3-4974-950B-1235BE9E0104}.Debug|Any CPU.Build.0 = Debug|Any CPU
		{63924A3A-F5E3-4974-950B-1235BE9E0104}.Debug|Any CPU.Deploy.0 = Debug|Any CPU
		{63924A3A-F5E3-4974-950B-1235BE9E0104}.Debug|ARM.ActiveCfg = Debug|ARM
		{63924A3A-F5E3-4974-950B-1235BE9E0104}.Debug|ARM.Build.0 = Debug|ARM
		{63924A3A-F5E3-4974-950B-1235BE9E0104}.Debug|ARM.Deploy.0 = Debug|ARM
		{63924A3A-F5E3-4974-950B-1235BE9E0104}.Debug|Mixed Platforms.ActiveCfg = Debug|x86
		{63924A3A-F5E3-4974-950B-1235BE9E0104}.Debug|Mixed Platforms.Build.0 = Debug|x86
		{63924A3A-F5E3-4974-950B-1235BE9E0104}.Debug|Mixed Platforms.Deploy.0 = Debug|x86
		{63924A3A-F5E3-4974-950B-1235BE9E0104}.Debug|Win32.ActiveCfg = Debug|x86
		{63924A3A-F5E3-4974-950B-1235BE9E0104}.Debug|Win32.Build.0 = Debug|x86
		{63924A3A-F5E3-4974-950B-1235BE9E0104}.Debug|Win32.Deploy.0 = Debug|x86
		{63924A3A-F5E3-4974-950B-1235BE9E0104}.Debug|x64.ActiveCfg = Debug|Any CPU
		{63924A3A-F5E3-4974-950B-1235BE9E0104}.Debug|x64.Build.0 = Debug|Any CPU
		{63924A3A-F5E3-4974-950B-1235BE9E0104}.Debug|x64.Deploy.0 = Debug|Any CPU
		{63924A3A-F5E3-4974-950B-1235BE9E0104}.Debug|x86.ActiveCfg = Debug|x86
		{63924A3A-F5E3-4974-950B-1235BE9E0104}.Debug|x86.Build.0 = Debug|x86
		{63924A3A-F5E3-4974-950B-1235BE9E0104}.Debug|x86.Deploy.0 = Debug|x86
		{63924A3A-F5E3-4974-950B-1235BE9E0104}.Release|Any CPU.ActiveCfg = Release|Any CPU
		{63924A3A-F5E3-4974-950B-1235BE9E0104}.Release|Any CPU.Build.0 = Release|Any CPU
		{63924A3A-F5E3-4974-950B-1235BE9E0104}.Release|Any CPU.Deploy.0 = Release|Any CPU
		{63924A3A-F5E3-4974-950B-1235BE9E0104}.Release|ARM.ActiveCfg = Release|ARM
		{63924A3A-F5E3-4974-950B-1235BE9E0104}.Release|ARM.Build.0 = Release|ARM
		{63924A3A-F5E3-4974-950B-1235BE9E0104}.Release|ARM.Deploy.0 = Release|ARM
		{63924A3A-F5E3-4974-950B-1235BE9E0104}.Release|Mixed Platforms.ActiveCfg = Release|x86
		{63924A3A-F5E3-4974-950B-1235BE9E0104}.Release|Mixed Platforms.Build.0 = Release|x86
		{63924A3A-F5E3-4974-950B-1235BE9E0104}.Release|Mixed Platforms.Deploy.0 = Release|x86
		{63924A3A-F5E3-4974-950B-1235BE9E0104}.Release|Win32.ActiveCfg = Release|x86
		{63924A3A-F5E3-4974-950B-1235BE9E0104}.Release|Win32.Build.0 = Release|x86
		{63924A3A-F5E3-4974-950B-1235BE9E0104}.Release|Win32.Deploy.0 = Release|x86
		{63924A3A-F5E3-4974-950B-1235BE9E0104}.Release|x64.ActiveCfg = Release|Any CPU
		{63924A3A-F5E3-4974-950B-1235BE9E0104}.Release|x64.Build.0 = Release|Any CPU
		{63924A3A-F5E3-4974-950B-1235BE9E0104}.Release|x64.Deploy.0 = Release|Any CPU
		{63924A3A-F5E3-4974-950B-1235BE9E0104}.Release|x86.ActiveCfg = Release|x86
		{63924A3A-F5E3-4974-950B-1235BE9E0104}.Release|x86.Build.0 = Release|x86
		{63924A3A-F5E3-4974-950B-1235BE9E0104}.Release|x86.Deploy.0 = Release|x86
	EndGlobalSection
	GlobalSection(SolutionProperties) = preSolution
		HideSolutionNode = FALSE
	EndGlobalSection
	GlobalSection(NestedProjects) = preSolution
		{8E0D716B-9553-46AF-9DC0-40D28451D2C9} = {5BBA1B77-840E-44B7-96A0-BBE9DED77AC4}
		{D41EB518-130C-4066-8FFF-B2787ED3E9DC} = {5BBA1B77-840E-44B7-96A0-BBE9DED77AC4}
		{9595AE6F-D933-468C-953D-CA1B5894BF31} = {5BBA1B77-840E-44B7-96A0-BBE9DED77AC4}
		{BF89EB20-E0FE-4816-9680-15270E736252} = {5BBA1B77-840E-44B7-96A0-BBE9DED77AC4}
		{1B7E0C07-D9C0-4F5C-BAF3-58441B4BA195} = {5EAED1CB-2529-417A-AD87-BFB34BB879AB}
		{7572AA7F-220D-4C76-9B93-8A7C9FD08A6B} = {5EAED1CB-2529-417A-AD87-BFB34BB879AB}
		{B2F89F1B-353F-441A-813D-DFE0CF49F53D} = {5EAED1CB-2529-417A-AD87-BFB34BB879AB}
		{ED0245A9-D00A-4834-8169-ABDAD522A3F0} = {5BBA1B77-840E-44B7-96A0-BBE9DED77AC4}
		{F5449053-F1C2-4F33-A20C-8A1EBF97D922} = {5BBA1B77-840E-44B7-96A0-BBE9DED77AC4}
		{581B0529-3197-4260-9E45-3EE71D4C0C4D} = {2DFD69F4-A64B-4CC0-8930-707DA0463C49}
		{F5F96642-96B0-4FE3-B20E-6FA496F75D69} = {2DFD69F4-A64B-4CC0-8930-707DA0463C49}
		{0B140421-4421-4673-972F-7FFB6268F0DC} = {2DFD69F4-A64B-4CC0-8930-707DA0463C49}
		{63924A3A-F5E3-4974-950B-1235BE9E0104} = {5BBA1B77-840E-44B7-96A0-BBE9DED77AC4}
	EndGlobalSection
EndGlobal
