
Microsoft Visual Studio Solution File, Format Version 12.00
# Visual Studio 2013
VisualStudioVersion = 12.0.21005.1
MinimumVisualStudioVersion = 10.0.40219.1
Project("{FAE04EC0-301F-11D3-BF4B-00C04F79EFBC}") = "Lego.Ev3.WinRT", "Lego.Ev3.WinRT\Lego.Ev3.WinRT.csproj", "{C38C0A71-82D2-4979-B737-990026313F82}"
EndProject
Project("{FAE04EC0-301F-11D3-BF4B-00C04F79EFBC}") = "Lego.Ev3.Tester.WinRT", "Testers\Lego.Ev3.Tester.WinRT\Lego.Ev3.Tester.WinRT.csproj", "{D41EB518-130C-4066-8FFF-B2787ED3E9DC}"
EndProject
Project("{8BC9CEB8-8B4A-11D0-8D11-00A0C91BC942}") = "Lego.Ev3.Tester.WinRTCPP", "Testers\Lego.Ev3.Tester.WinRTCPP\Lego.Ev3.Tester.WinRTCPP.vcxproj", "{F5449053-F1C2-4F33-A20C-8A1EBF97D922}"
EndProject
Project("{262852C6-CD72-467D-83FE-5EEB1973A190}") = "Lego.Ev3.Tester.WinRTJS", "Testers\Lego.Ev3.Tester.WinRTJS\Lego.Ev3.Tester.WinRTJS.jsproj", "{ED0245A9-D00A-4834-8169-ABDAD522A3F0}"
EndProject
Project("{FAE04EC0-301F-11D3-BF4B-00C04F79EFBC}") = "SampleApp (WinRT)", "SampleApps\SampleApp (WinRT)\SampleApp (WinRT).csproj", "{F5F96642-96B0-4FE3-B20E-6FA496F75D69}"
EndProject
Global
	GlobalSection(SolutionConfigurationPlatforms) = preSolution
		Debug|Any CPU = Debug|Any CPU
		Debug|ARM = Debug|ARM
		Debug|Mixed Platforms = Debug|Mixed Platforms
		Debug|Win32 = Debug|Win32
		Debug|x64 = Debug|x64
		Debug|x86 = Debug|x86
		Release|Any CPU = Release|Any CPU
		Release|ARM = Release|ARM
		Release|Mixed Platforms = Release|Mixed Platforms
		Release|Win32 = Release|Win32
		Release|x64 = Release|x64
		Release|x86 = Release|x86
	EndGlobalSection
	GlobalSection(ProjectConfigurationPlatforms) = postSolution
		{C38C0A71-82D2-4979-B737-990026313F82}.Debug|Any CPU.ActiveCfg = Debug|Any CPU
		{C38C0A71-82D2-4979-B737-990026313F82}.Debug|Any CPU.Build.0 = Debug|Any CPU
		{C38C0A71-82D2-4979-B737-990026313F82}.Debug|ARM.ActiveCfg = Debug|ARM
		{C38C0A71-82D2-4979-B737-990026313F82}.Debug|ARM.Build.0 = Debug|ARM
		{C38C0A71-82D2-4979-B737-990026313F82}.Debug|Mixed Platforms.ActiveCfg = Debug|x86
		{C38C0A71-82D2-4979-B737-990026313F82}.Debug|Mixed Platforms.Build.0 = Debug|x86
		{C38C0A71-82D2-4979-B737-990026313F82}.Debug|Win32.ActiveCfg = Debug|x86
		{C38C0A71-82D2-4979-B737-990026313F82}.Debug|Win32.Build.0 = Debug|x86
		{C38C0A71-82D2-4979-B737-990026313F82}.Debug|x64.ActiveCfg = Debug|x64
		{C38C0A71-82D2-4979-B737-990026313F82}.Debug|x64.Build.0 = Debug|x64
		{C38C0A71-82D2-4979-B737-990026313F82}.Debug|x86.ActiveCfg = Debug|x86
		{C38C0A71-82D2-4979-B737-990026313F82}.Debug|x86.Build.0 = Debug|x86
		{C38C0A71-82D2-4979-B737-990026313F82}.Release|Any CPU.ActiveCfg = Release|Any CPU
		{C38C0A71-82D2-4979-B737-990026313F82}.Release|Any CPU.Build.0 = Release|Any CPU
		{C38C0A71-82D2-4979-B737-990026313F82}.Release|ARM.ActiveCfg = Release|ARM
		{C38C0A71-82D2-4979-B737-990026313F82}.Release|ARM.Build.0 = Release|ARM
		{C38C0A71-82D2-4979-B737-990026313F82}.Release|Mixed Platforms.ActiveCfg = Release|x86
		{C38C0A71-82D2-4979-B737-990026313F82}.Release|Mixed Platforms.Build.0 = Release|x86
		{C38C0A71-82D2-4979-B737-990026313F82}.Release|Win32.ActiveCfg = Release|x86
		{C38C0A71-82D2-4979-B737-990026313F82}.Release|Win32.Build.0 = Release|x86
		{C38C0A71-82D2-4979-B737-990026313F82}.Release|x64.ActiveCfg = Release|x64
		{C38C0A71-82D2-4979-B737-990026313F82}.Release|x64.Build.0 = Release|x64
		{C38C0A71-82D2-4979-B737-990026313F82}.Release|x86.ActiveCfg = Release|x86
		{C38C0A71-82D2-4979-B737-990026313F82}.Release|x86.Build.0 = Release|x86
		{D41EB518-130C-4066-8FFF-B2787ED3E9DC}.Debug|Any CPU.ActiveCfg = Debug|Any CPU
		{D41EB518-130C-4066-8FFF-B2787ED3E9DC}.Debug|Any CPU.Build.0 = Debug|Any CPU
		{D41EB518-130C-4066-8FFF-B2787ED3E9DC}.Debug|Any CPU.Deploy.0 = Debug|Any CPU
		{D41EB518-130C-4066-8FFF-B2787ED3E9DC}.Debug|ARM.ActiveCfg = Debug|ARM
		{D41EB518-130C-4066-8FFF-B2787ED3E9DC}.Debug|ARM.Build.0 = Debug|ARM
		{D41EB518-130C-4066-8FFF-B2787ED3E9DC}.Debug|ARM.Deploy.0 = Debug|ARM
		{D41EB518-130C-4066-8FFF-B2787ED3E9DC}.Debug|Mixed Platforms.ActiveCfg = Debug|x86
		{D41EB518-130C-4066-8FFF-B2787ED3E9DC}.Debug|Mixed Platforms.Build.0 = Debug|x86
		{D41EB518-130C-4066-8FFF-B2787ED3E9DC}.Debug|Mixed Platforms.Deploy.0 = Debug|x86
		{D41EB518-130C-4066-8FFF-B2787ED3E9DC}.Debug|Win32.ActiveCfg = Debug|x86
		{D41EB518-130C-4066-8FFF-B2787ED3E9DC}.Debug|Win32.Build.0 = Debug|x86
		{D41EB518-130C-4066-8FFF-B2787ED3E9DC}.Debug|Win32.Deploy.0 = Debug|x86
		{D41EB518-130C-4066-8FFF-B2787ED3E9DC}.Debug|x64.ActiveCfg = Debug|x64
		{D41EB518-130C-4066-8FFF-B2787ED3E9DC}.Debug|x64.Build.0 = Debug|x64
		{D41EB518-130C-4066-8FFF-B2787ED3E9DC}.Debug|x64.Deploy.0 = Debug|x64
		{D41EB518-130C-4066-8FFF-B2787ED3E9DC}.Debug|x86.ActiveCfg = Debug|x86
		{D41EB518-130C-4066-8FFF-B2787ED3E9DC}.Debug|x86.Build.0 = Debug|x86
		{D41EB518-130C-4066-8FFF-B2787ED3E9DC}.Debug|x86.Deploy.0 = Debug|x86
		{D41EB518-130C-4066-8FFF-B2787ED3E9DC}.Release|Any CPU.ActiveCfg = Release|Any CPU
		{D41EB518-130C-4066-8FFF-B2787ED3E9DC}.Release|Any CPU.Build.0 = Release|Any CPU
		{D41EB518-130C-4066-8FFF-B2787ED3E9DC}.Release|Any CPU.Deploy.0 = Release|Any CPU
		{D41EB518-130C-4066-8FFF-B2787ED3E9DC}.Release|ARM.ActiveCfg = Release|ARM
		{D41EB518-130C-4066-8FFF-B2787ED3E9DC}.Release|ARM.Build.0 = Release|ARM
		{D41EB518-130C-4066-8FFF-B2787ED3E9DC}.Release|ARM.Deploy.0 = Release|ARM
		{D41EB518-130C-4066-8FFF-B2787ED3E9DC}.Release|Mixed Platforms.ActiveCfg = Release|x86
		{D41EB518-130C-4066-8FFF-B2787ED3E9DC}.Release|Mixed Platforms.Build.0 = Release|x86
		{D41EB518-130C-4066-8FFF-B2787ED3E9DC}.Release|Mixed Platforms.Deploy.0 = Release|x86
		{D41EB518-130C-4066-8FFF-B2787ED3E9DC}.Release|Win32.ActiveCfg = Release|x86
		{D41EB518-130C-4066-8FFF-B2787ED3E9DC}.Release|Win32.Build.0 = Release|x86
		{D41EB518-130C-4066-8FFF-B2787ED3E9DC}.Release|Win32.Deploy.0 = Release|x86
		{D41EB518-130C-4066-8FFF-B2787ED3E9DC}.Release|x64.ActiveCfg = Release|x64
		{D41EB518-130C-4066-8FFF-B2787ED3E9DC}.Release|x64.Build.0 = Release|x64
		{D41EB518-130C-4066-8FFF-B2787ED3E9DC}.Release|x64.Deploy.0 = Release|x64
		{D41EB518-130C-4066-8FFF-B2787ED3E9DC}.Release|x86.ActiveCfg = Release|x86
		{D41EB518-130C-4066-8FFF-B2787ED3E9DC}.Release|x86.Build.0 = Release|x86
		{D41EB518-130C-4066-8FFF-B2787ED3E9DC}.Release|x86.Deploy.0 = Release|x86
		{F5449053-F1C2-4F33-A20C-8A1EBF97D922}.Debug|Any CPU.ActiveCfg = Debug|Win32
		{F5449053-F1C2-4F33-A20C-8A1EBF97D922}.Debug|ARM.ActiveCfg = Debug|ARM
		{F5449053-F1C2-4F33-A20C-8A1EBF97D922}.Debug|ARM.Build.0 = Debug|ARM
		{F5449053-F1C2-4F33-A20C-8A1EBF97D922}.Debug|ARM.Deploy.0 = Debug|ARM
		{F5449053-F1C2-4F33-A20C-8A1EBF97D922}.Debug|Mixed Platforms.ActiveCfg = Debug|Win32
		{F5449053-F1C2-4F33-A20C-8A1EBF97D922}.Debug|Mixed Platforms.Build.0 = Debug|Win32
		{F5449053-F1C2-4F33-A20C-8A1EBF97D922}.Debug|Mixed Platforms.Deploy.0 = Debug|Win32
		{F5449053-F1C2-4F33-A20C-8A1EBF97D922}.Debug|Win32.ActiveCfg = Debug|Win32
		{F5449053-F1C2-4F33-A20C-8A1EBF97D922}.Debug|Win32.Build.0 = Debug|Win32
		{F5449053-F1C2-4F33-A20C-8A1EBF97D922}.Debug|Win32.Deploy.0 = Debug|Win32
		{F5449053-F1C2-4F33-A20C-8A1EBF97D922}.Debug|x64.ActiveCfg = Debug|x64
		{F5449053-F1C2-4F33-A20C-8A1EBF97D922}.Debug|x64.Build.0 = Debug|x64
		{F5449053-F1C2-4F33-A20C-8A1EBF97D922}.Debug|x64.Deploy.0 = Debug|x64
		{F5449053-F1C2-4F33-A20C-8A1EBF97D922}.Debug|x86.ActiveCfg = Debug|Win32
		{F5449053-F1C2-4F33-A20C-8A1EBF97D922}.Debug|x86.Build.0 = Debug|Win32
		{F5449053-F1C2-4F33-A20C-8A1EBF97D922}.Debug|x86.Deploy.0 = Debug|Win32
		{F5449053-F1C2-4F33-A20C-8A1EBF97D922}.Release|Any CPU.ActiveCfg = Release|Win32
		{F5449053-F1C2-4F33-A20C-8A1EBF97D922}.Release|ARM.ActiveCfg = Release|ARM
		{F5449053-F1C2-4F33-A20C-8A1EBF97D922}.Release|ARM.Build.0 = Release|ARM
		{F5449053-F1C2-4F33-A20C-8A1EBF97D922}.Release|ARM.Deploy.0 = Release|ARM
		{F5449053-F1C2-4F33-A20C-8A1EBF97D922}.Release|Mixed Platforms.ActiveCfg = Release|Win32
		{F5449053-F1C2-4F33-A20C-8A1EBF97D922}.Release|Mixed Platforms.Build.0 = Release|Win32
		{F5449053-F1C2-4F33-A20C-8A1EBF97D922}.Release|Mixed Platforms.Deploy.0 = Release|Win32
		{F5449053-F1C2-4F33-A20C-8A1EBF97D922}.Release|Win32.ActiveCfg = Release|Win32
		{F5449053-F1C2-4F33-A20C-8A1EBF97D922}.Release|Win32.Build.0 = Release|Win32
		{F5449053-F1C2-4F33-A20C-8A1EBF97D922}.Release|Win32.Deploy.0 = Release|Win32
		{F5449053-F1C2-4F33-A20C-8A1EBF97D922}.Release|x64.ActiveCfg = Release|x64
		{F5449053-F1C2-4F33-A20C-8A1EBF97D922}.Release|x64.Build.0 = Release|x64
		{F5449053-F1C2-4F33-A20C-8A1EBF97D922}.Release|x64.Deploy.0 = Release|x64
		{F5449053-F1C2-4F33-A20C-8A1EBF97D922}.Release|x86.ActiveCfg = Release|Win32
		{F5449053-F1C2-4F33-A20C-8A1EBF97D922}.Release|x86.Build.0 = Release|Win32
		{F5449053-F1C2-4F33-A20C-8A1EBF97D922}.Release|x86.Deploy.0 = Release|Win32
		{ED0245A9-D00A-4834-8169-ABDAD522A3F0}.Debug|Any CPU.ActiveCfg = Debug|Any CPU
		{ED0245A9-D00A-4834-8169-ABDAD522A3F0}.Debug|Any CPU.Build.0 = Debug|Any CPU
		{ED0245A9-D00A-4834-8169-ABDAD522A3F0}.Debug|Any CPU.Deploy.0 = Debug|Any CPU
		{ED0245A9-D00A-4834-8169-ABDAD522A3F0}.Debug|ARM.ActiveCfg = Debug|ARM
		{ED0245A9-D00A-4834-8169-ABDAD522A3F0}.Debug|ARM.Build.0 = Debug|ARM
		{ED0245A9-D00A-4834-8169-ABDAD522A3F0}.Debug|ARM.Deploy.0 = Debug|ARM
		{ED0245A9-D00A-4834-8169-ABDAD522A3F0}.Debug|Mixed Platforms.ActiveCfg = Debug|x86
		{ED0245A9-D00A-4834-8169-ABDAD522A3F0}.Debug|Mixed Platforms.Build.0 = Debug|x86
		{ED0245A9-D00A-4834-8169-ABDAD522A3F0}.Debug|Mixed Platforms.Deploy.0 = Debug|x86
		{ED0245A9-D00A-4834-8169-ABDAD522A3F0}.Debug|Win32.ActiveCfg = Debug|x86
		{ED0245A9-D00A-4834-8169-ABDAD522A3F0}.Debug|Win32.Build.0 = Debug|x86
		{ED0245A9-D00A-4834-8169-ABDAD522A3F0}.Debug|Win32.Deploy.0 = Debug|x86
		{ED0245A9-D00A-4834-8169-ABDAD522A3F0}.Debug|x64.ActiveCfg = Debug|x64
		{ED0245A9-D00A-4834-8169-ABDAD522A3F0}.Debug|x64.Build.0 = Debug|x64
		{ED0245A9-D00A-4834-8169-ABDAD522A3F0}.Debug|x64.Deploy.0 = Debug|x64
		{ED0245A9-D00A-4834-8169-ABDAD522A3F0}.Debug|x86.ActiveCfg = Debug|x86
		{ED0245A9-D00A-4834-8169-ABDAD522A3F0}.Debug|x86.Build.0 = Debug|x86
		{ED0245A9-D00A-4834-8169-ABDAD522A3F0}.Debug|x86.Deploy.0 = Debug|x86
		{ED0245A9-D00A-4834-8169-ABDAD522A3F0}.Release|Any CPU.ActiveCfg = Release|Any CPU
		{ED0245A9-D00A-4834-8169-ABDAD522A3F0}.Release|Any CPU.Build.0 = Release|Any CPU
		{ED0245A9-D00A-4834-8169-ABDAD522A3F0}.Release|Any CPU.Deploy.0 = Release|Any CPU
		{ED0245A9-D00A-4834-8169-ABDAD522A3F0}.Release|ARM.ActiveCfg = Release|ARM
		{ED0245A9-D00A-4834-8169-ABDAD522A3F0}.Release|ARM.Build.0 = Release|ARM
		{ED0245A9-D00A-4834-8169-ABDAD522A3F0}.Release|ARM.Deploy.0 = Release|ARM
		{ED0245A9-D00A-4834-8169-ABDAD522A3F0}.Release|Mixed Platforms.ActiveCfg = Release|x86
		{ED0245A9-D00A-4834-8169-ABDAD522A3F0}.Release|Mixed Platforms.Build.0 = Release|x86
		{ED0245A9-D00A-4834-8169-ABDAD522A3F0}.Release|Mixed Platforms.Deploy.0 = Release|x86
		{ED0245A9-D00A-4834-8169-ABDAD522A3F0}.Release|Win32.ActiveCfg = Release|x86
		{ED0245A9-D00A-4834-8169-ABDAD522A3F0}.Release|Win32.Build.0 = Release|x86
		{ED0245A9-D00A-4834-8169-ABDAD522A3F0}.Release|Win32.Deploy.0 = Release|x86
		{ED0245A9-D00A-4834-8169-ABDAD522A3F0}.Release|x64.ActiveCfg = Release|x64
		{ED0245A9-D00A-4834-8169-ABDAD522A3F0}.Release|x64.Build.0 = Release|x64
		{ED0245A9-D00A-4834-8169-ABDAD522A3F0}.Release|x64.Deploy.0 = Release|x64
		{ED0245A9-D00A-4834-8169-ABDAD522A3F0}.Release|x86.ActiveCfg = Release|x86
		{ED0245A9-D00A-4834-8169-ABDAD522A3F0}.Release|x86.Build.0 = Release|x86
		{ED0245A9-D00A-4834-8169-ABDAD522A3F0}.Release|x86.Deploy.0 = Release|x86
		{F5F96642-96B0-4FE3-B20E-6FA496F75D69}.Debug|Any CPU.ActiveCfg = Debug|Any CPU
		{F5F96642-96B0-4FE3-B20E-6FA496F75D69}.Debug|Any CPU.Build.0 = Debug|Any CPU
		{F5F96642-96B0-4FE3-B20E-6FA496F75D69}.Debug|Any CPU.Deploy.0 = Debug|Any CPU
		{F5F96642-96B0-4FE3-B20E-6FA496F75D69}.Debug|ARM.ActiveCfg = Debug|ARM
		{F5F96642-96B0-4FE3-B20E-6FA496F75D69}.Debug|ARM.Build.0 = Debug|ARM
		{F5F96642-96B0-4FE3-B20E-6FA496F75D69}.Debug|ARM.Deploy.0 = Debug|ARM
		{F5F96642-96B0-4FE3-B20E-6FA496F75D69}.Debug|Mixed Platforms.ActiveCfg = Debug|x86
		{F5F96642-96B0-4FE3-B20E-6FA496F75D69}.Debug|Mixed Platforms.Build.0 = Debug|x86
		{F5F96642-96B0-4FE3-B20E-6FA496F75D69}.Debug|Mixed Platforms.Deploy.0 = Debug|x86
		{F5F96642-96B0-4FE3-B20E-6FA496F75D69}.Debug|Win32.ActiveCfg = Debug|x86
		{F5F96642-96B0-4FE3-B20E-6FA496F75D69}.Debug|Win32.Build.0 = Debug|x86
		{F5F96642-96B0-4FE3-B20E-6FA496F75D69}.Debug|Win32.Deploy.0 = Debug|x86
		{F5F96642-96B0-4FE3-B20E-6FA496F75D69}.Debug|x64.ActiveCfg = Debug|x64
		{F5F96642-96B0-4FE3-B20E-6FA496F75D69}.Debug|x64.Build.0 = Debug|x64
		{F5F96642-96B0-4FE3-B20E-6FA496F75D69}.Debug|x64.Deploy.0 = Debug|x64
		{F5F96642-96B0-4FE3-B20E-6FA496F75D69}.Debug|x86.ActiveCfg = Debug|x86
		{F5F96642-96B0-4FE3-B20E-6FA496F75D69}.Debug|x86.Build.0 = Debug|x86
		{F5F96642-96B0-4FE3-B20E-6FA496F75D69}.Debug|x86.Deploy.0 = Debug|x86
		{F5F96642-96B0-4FE3-B20E-6FA496F75D69}.Release|Any CPU.ActiveCfg = Release|Any CPU
		{F5F96642-96B0-4FE3-B20E-6FA496F75D69}.Release|Any CPU.Build.0 = Release|Any CPU
		{F5F96642-96B0-4FE3-B20E-6FA496F75D69}.Release|Any CPU.Deploy.0 = Release|Any CPU
		{F5F96642-96B0-4FE3-B20E-6FA496F75D69}.Release|ARM.ActiveCfg = Release|ARM
		{F5F96642-96B0-4FE3-B20E-6FA496F75D69}.Release|ARM.Build.0 = Release|ARM
		{F5F96642-96B0-4FE3-B20E-6FA496F75D69}.Release|ARM.Deploy.0 = Release|ARM
		{F5F96642-96B0-4FE3-B20E-6FA496F75D69}.Release|Mixed Platforms.ActiveCfg = Release|x86
		{F5F96642-96B0-4FE3-B20E-6FA496F75D69}.Release|Mixed Platforms.Build.0 = Release|x86
		{F5F96642-96B0-4FE3-B20E-6FA496F75D69}.Release|Mixed Platforms.Deploy.0 = Release|x86
		{F5F96642-96B0-4FE3-B20E-6FA496F75D69}.Release|Win32.ActiveCfg = Release|x86
		{F5F96642-96B0-4FE3-B20E-6FA496F75D69}.Release|Win32.Build.0 = Release|x86
		{F5F96642-96B0-4FE3-B20E-6FA496F75D69}.Release|Win32.Deploy.0 = Release|x86
		{F5F96642-96B0-4FE3-B20E-6FA496F75D69}.Release|x64.ActiveCfg = Release|x64
		{F5F96642-96B0-4FE3-B20E-6FA496F75D69}.Release|x64.Build.0 = Release|x64
		{F5F96642-96B0-4FE3-B20E-6FA496F75D69}.Release|x64.Deploy.0 = Release|x64
		{F5F96642-96B0-4FE3-B20E-6FA496F75D69}.Release|x86.ActiveCfg = Release|x86
		{F5F96642-96B0-4FE3-B20E-6FA496F75D69}.Release|x86.Build.0 = Release|x86
		{F5F96642-96B0-4FE3-B20E-6FA496F75D69}.Release|x86.Deploy.0 = Release|x86
	EndGlobalSection
	GlobalSection(SolutionProperties) = preSolution
		HideSolutionNode = FALSE
	EndGlobalSection
EndGlobal
